Microsoft Visual Studio Solution File, Format Version 8.00
Project("{8BC9CEB8-8B4A-11D0-8D11-00A0C91BC942}") = "glmext-im", "glmext-im.vcproj", "{4078D0C0-C254-48D8-812E-3E1607082598}"
	ProjectSection(ProjectDependencies) = postProject
	EndProjectSection
EndProject
Project("{8BC9CEB8-8B4A-11D0-8D11-00A0C91BC942}") = "glmext-va", "glmext-va.vcproj", "{176D187F-5634-4594-ACBE-F06C19293BAC}"
	ProjectSection(ProjectDependencies) = postProject
	EndProjectSection
EndProject
Project("{8BC9CEB8-8B4A-11D0-8D11-00A0C91BC942}") = "glm-im", "glm-im.vcproj", "{57EEA620-1E5B-485D-8D8D-F5ECF6A95679}"
	ProjectSection(ProjectDependencies) = postProject
	EndProjectSection
EndProject
Project("{8BC9CEB8-8B4A-11D0-8D11-00A0C91BC942}") = "glm-va", "glm-va.vcproj", "{00EE3465-FB4F-4EE5-B511-DF70B2024016}"
	ProjectSection(ProjectDependencies) = postProject
	EndProjectSection
EndProject
Global
	GlobalSection(DPCodeReviewSolutionGUID) = preSolution
		DPCodeReviewSolutionGUID = {00000000-0000-0000-0000-000000000000}
	EndGlobalSection
	GlobalSection(SolutionConfiguration) = preSolution
		Debug = Debug
		Release = Release
	EndGlobalSection
	GlobalSection(ProjectConfiguration) = postSolution
		{4078D0C0-C254-48D8-812E-3E1607082598}.Debug.ActiveCfg = Debug|Win32
		{4078D0C0-C254-48D8-812E-3E1607082598}.Debug.Build.0 = Debug|Win32
		{4078D0C0-C254-48D8-812E-3E1607082598}.Release.ActiveCfg = Release|Win32
		{4078D0C0-C254-48D8-812E-3E1607082598}.Release.Build.0 = Release|Win32
		{176D187F-5634-4594-ACBE-F06C19293BAC}.Debug.ActiveCfg = Debug|Win32
		{176D187F-5634-4594-ACBE-F06C19293BAC}.Debug.Build.0 = Debug|Win32
		{176D187F-5634-4594-ACBE-F06C19293BAC}.Release.ActiveCfg = Release|Win32
		{176D187F-5634-4594-ACBE-F06C19293BAC}.Release.Build.0 = Release|Win32
		{57EEA620-1E5B-485D-8D8D-F5ECF6A95679}.Debug.ActiveCfg = Debug|Win32
		{57EEA620-1E5B-485D-8D8D-F5ECF6A95679}.Debug.Build.0 = Debug|Win32
		{57EEA620-1E5B-485D-8D8D-F5ECF6A95679}.Release.ActiveCfg = Release|Win32
		{57EEA620-1E5B-485D-8D8D-F5ECF6A95679}.Release.Build.0 = Release|Win32
		{00EE3465-FB4F-4EE5-B511-DF70B2024016}.Debug.ActiveCfg = Debug|Win32
		{00EE3465-FB4F-4EE5-B511-DF70B2024016}.Debug.Build.0 = Debug|Win32
		{00EE3465-FB4F-4EE5-B511-DF70B2024016}.Release.ActiveCfg = Release|Win32
		{00EE3465-FB4F-4EE5-B511-DF70B2024016}.Release.Build.0 = Release|Win32
	EndGlobalSection
	GlobalSection(ExtensibilityGlobals) = postSolution
	EndGlobalSection
	GlobalSection(ExtensibilityAddIns) = postSolution
	EndGlobalSection
EndGlobal
